// !$*UTF8*$!
{
	archiveVersion = 1;
	classes = {
	};
	objectVersion = 46;
	objects = {

/* Begin PBXBuildFile section */
		17A0B14B1C0051B3002ABB04 /* main.m in Sources */ = {isa = PBXBuildFile; fileRef = 17A0B14A1C0051B3002ABB04 /* main.m */; };
		17A0B14E1C0051B3002ABB04 /* AppDelegate.m in Sources */ = {isa = PBXBuildFile; fileRef = 17A0B14D1C0051B3002ABB04 /* AppDelegate.m */; };
		17A0B1511C0051B3002ABB04 /* ViewController.m in Sources */ = {isa = PBXBuildFile; fileRef = 17A0B1501C0051B3002ABB04 /* ViewController.m */; };
		17A0B1541C0051B3002ABB04 /* Main.storyboard in Resources */ = {isa = PBXBuildFile; fileRef = 17A0B1521C0051B3002ABB04 /* Main.storyboard */; };
		17A0B1571C0051B3002ABB04 /* Contacts.xcdatamodeld in Sources */ = {isa = PBXBuildFile; fileRef = 17A0B1551C0051B3002ABB04 /* Contacts.xcdatamodeld */; };
		17A0B1591C0051B3002ABB04 /* Assets.xcassets in Resources */ = {isa = PBXBuildFile; fileRef = 17A0B1581C0051B3002ABB04 /* Assets.xcassets */; };
		17A0B15C1C0051B3002ABB04 /* LaunchScreen.storyboard in Resources */ = {isa = PBXBuildFile; fileRef = 17A0B15A1C0051B3002ABB04 /* LaunchScreen.storyboard */; };
		17A0B1671C0051B3002ABB04 /* ContactsTests.m in Sources */ = {isa = PBXBuildFile; fileRef = 17A0B1661C0051B3002ABB04 /* ContactsTests.m */; };
/* End PBXBuildFile section */

/* Begin PBXContainerItemProxy section */
		17A0B1631C0051B3002ABB04 /* PBXContainerItemProxy */ = {
			isa = PBXContainerItemProxy;
			containerPortal = 17A0B13E1C0051B3002ABB04 /* Project object */;
			proxyType = 1;
			remoteGlobalIDString = 17A0B1451C0051B3002ABB04;
			remoteInfo = Contacts;
		};
/* End PBXContainerItemProxy section */

/* Begin PBXFileReference section */
		17A0B1461C0051B3002ABB04 /* Contacts.app */ = {isa = PBXFileReference; explicitFileType = wrapper.application; includeInIndex = 0; path = Contacts.app; sourceTree = BUILT_PRODUCTS_DIR; };
		17A0B14A1C0051B3002ABB04 /* main.m */ = {isa = PBXFileReference; lastKnownFileType = sourcecode.c.objc; path = main.m; sourceTree = "<group>"; };
		17A0B14C1C0051B3002ABB04 /* AppDelegate.h */ = {isa = PBXFileReference; lastKnownFileType = sourcecode.c.h; path = AppDelegate.h; sourceTree = "<group>"; };
		17A0B14D1C0051B3002ABB04 /* AppDelegate.m */ = {isa = PBXFileReference; lastKnownFileType = sourcecode.c.objc; path = AppDelegate.m; sourceTree = "<group>"; };
		17A0B14F1C0051B3002ABB04 /* ViewController.h */ = {isa = PBXFileReference; lastKnownFileType = sourcecode.c.h; path = ViewController.h; sourceTree = "<group>"; };
		17A0B1501C0051B3002ABB04 /* ViewController.m */ = {isa = PBXFileReference; lastKnownFileType = sourcecode.c.objc; path = ViewController.m; sourceTree = "<group>"; };
		17A0B1531C0051B3002ABB04 /* Base */ = {isa = PBXFileReference; lastKnownFileType = file.storyboard; name = Base; path = Base.lproj/Main.storyboard; sourceTree = "<group>"; };
		17A0B1561C0051B3002ABB04 /* Contacts.xcdatamodel */ = {isa = PBXFileReference; lastKnownFileType = wrapper.xcdatamodel; path = Contacts.xcdatamodel; sourceTree = "<group>"; };
		17A0B1581C0051B3002ABB04 /* Assets.xcassets */ = {isa = PBXFileReference; lastKnownFileType = folder.assetcatalog; path = Assets.xcassets; sourceTree = "<group>"; };
		17A0B15B1C0051B3002ABB04 /* Base */ = {isa = PBXFileReference; lastKnownFileType = file.storyboard; name = Base; path = Base.lproj/LaunchScreen.storyboard; sourceTree = "<group>"; };
		17A0B15D1C0051B3002ABB04 /* Info.plist */ = {isa = PBXFileReference; lastKnownFileType = text.plist.xml; path = Info.plist; sourceTree = "<group>"; };
		17A0B1621C0051B3002ABB04 /* ContactsTests.xctest */ = {isa = PBXFileReference; explicitFileType = wrapper.cfbundle; includeInIndex = 0; path = ContactsTests.xctest; sourceTree = BUILT_PRODUCTS_DIR; };
		17A0B1661C0051B3002ABB04 /* ContactsTests.m */ = {isa = PBXFileReference; lastKnownFileType = sourcecode.c.objc; path = ContactsTests.m; sourceTree = "<group>"; };
		17A0B1681C0051B3002ABB04 /* Info.plist */ = {isa = PBXFileReference; lastKnownFileType = text.plist.xml; path = Info.plist; sourceTree = "<group>"; };
/* End PBXFileReference section */

/* Begin PBXFrameworksBuildPhase section */
		17A0B1431C0051B3002ABB04 /* Frameworks */ = {
			isa = PBXFrameworksBuildPhase;
			buildActionMask = 2147483647;
			files = (
			);
			runOnlyForDeploymentPostprocessing = 0;
		};
		17A0B15F1C0051B3002ABB04 /* Frameworks */ = {
			isa = PBXFrameworksBuildPhase;
			buildActionMask = 2147483647;
			files = (
			);
			runOnlyForDeploymentPostprocessing = 0;
		};
/* End PBXFrameworksBuildPhase section */

/* Begin PBXGroup section */
		17A0B13D1C0051B3002ABB04 = {
			isa = PBXGroup;
			children = (
				17A0B1481C0051B3002ABB04 /* Contacts */,
				17A0B1651C0051B3002ABB04 /* ContactsTests */,
				17A0B1471C0051B3002ABB04 /* Products */,
			);
			sourceTree = "<group>";
		};
		17A0B1471C0051B3002ABB04 /* Products */ = {
			isa = PBXGroup;
			children = (
				17A0B1461C0051B3002ABB04 /* Contacts.app */,
				17A0B1621C0051B3002ABB04 /* ContactsTests.xctest */,
			);
			name = Products;
			sourceTree = "<group>";
		};
		17A0B1481C0051B3002ABB04 /* Contacts */ = {
			isa = PBXGroup;
			children = (
				17A0B14C1C0051B3002ABB04 /* AppDelegate.h */,
				17A0B14D1C0051B3002ABB04 /* AppDelegate.m */,
				17A0B14F1C0051B3002ABB04 /* ViewController.h */,
				17A0B1501C0051B3002ABB04 /* ViewController.m */,
				17A0B1521C0051B3002ABB04 /* Main.storyboard */,
				17A0B1581C0051B3002ABB04 /* Assets.xcassets */,
				17A0B15A1C0051B3002ABB04 /* LaunchScreen.storyboard */,
				17A0B15D1C0051B3002ABB04 /* Info.plist */,
				17A0B1551C0051B3002ABB04 /* Contacts.xcdatamodeld */,
				17A0B1491C0051B3002ABB04 /* Supporting Files */,
			);
			path = Contacts;
			sourceTree = "<group>";
		};
		17A0B1491C0051B3002ABB04 /* Supporting Files */ = {
			isa = PBXGroup;
			children = (
				17A0B14A1C0051B3002ABB04 /* main.m */,
			);
			name = "Supporting Files";
			sourceTree = "<group>";
		};
		17A0B1651C0051B3002ABB04 /* ContactsTests */ = {
			isa = PBXGroup;
			children = (
				17A0B1661C0051B3002ABB04 /* ContactsTests.m */,
				17A0B1681C0051B3002ABB04 /* Info.plist */,
			);
			path = ContactsTests;
			sourceTree = "<group>";
		};
/* End PBXGroup section */

/* Begin PBXNativeTarget section */
		17A0B1451C0051B3002ABB04 /* Contacts */ = {
			isa = PBXNativeTarget;
			buildConfigurationList = 17A0B16B1C0051B3002ABB04 /* Build configuration list for PBXNativeTarget "Contacts" */;
			buildPhases = (
				17A0B1421C0051B3002ABB04 /* Sources */,
				17A0B1431C0051B3002ABB04 /* Frameworks */,
				17A0B1441C0051B3002ABB04 /* Resources */,
			);
			buildRules = (
			);
			dependencies = (
			);
			name = Contacts;
			productName = Contacts;
			productReference = 17A0B1461C0051B3002ABB04 /* Contacts.app */;
			productType = "com.apple.product-type.application";
		};
		17A0B1611C0051B3002ABB04 /* ContactsTests */ = {
			isa = PBXNativeTarget;
			buildConfigurationList = 17A0B16E1C0051B3002ABB04 /* Build configuration list for PBXNativeTarget "ContactsTests" */;
			buildPhases = (
				17A0B15E1C0051B3002ABB04 /* Sources */,
				17A0B15F1C0051B3002ABB04 /* Frameworks */,
				17A0B1601C0051B3002ABB04 /* Resources */,
			);
			buildRules = (
			);
			dependencies = (
				17A0B1641C0051B3002ABB04 /* PBXTargetDependency */,
			);
			name = ContactsTests;
			productName = ContactsTests;
			productReference = 17A0B1621C0051B3002ABB04 /* ContactsTests.xctest */;
			productType = "com.apple.product-type.bundle.unit-test";
		};
/* End PBXNativeTarget section */

/* Begin PBXProject section */
		17A0B13E1C0051B3002ABB04 /* Project object */ = {
			isa = PBXProject;
			attributes = {
				LastUpgradeCheck = 0710;
				ORGANIZATIONNAME = Applicious;
				TargetAttributes = {
					17A0B1451C0051B3002ABB04 = {
						CreatedOnToolsVersion = 7.1.1;
					};
					17A0B1611C0051B3002ABB04 = {
						CreatedOnToolsVersion = 7.1.1;
						TestTargetID = 17A0B1451C0051B3002ABB04;
					};
				};
			};
			buildConfigurationList = 17A0B1411C0051B3002ABB04 /* Build configuration list for PBXProject "Contacts" */;
			compatibilityVersion = "Xcode 3.2";
			developmentRegion = English;
			hasScannedForEncodings = 0;
			knownRegions = (
				en,
				Base,
			);
			mainGroup = 17A0B13D1C0051B3002ABB04;
			productRefGroup = 17A0B1471C0051B3002ABB04 /* Products */;
			projectDirPath = "";
			projectRoot = "";
			targets = (
				17A0B1451C0051B3002ABB04 /* Contacts */,
				17A0B1611C0051B3002ABB04 /* ContactsTests */,
			);
		};
/* End PBXProject section */

/* Begin PBXResourcesBuildPhase section */
		17A0B1441C0051B3002ABB04 /* Resources */ = {
			isa = PBXResourcesBuildPhase;
			buildActionMask = 2147483647;
			files = (
				17A0B15C1C0051B3002ABB04 /* LaunchScreen.storyboard in Resources */,
				17A0B1591C0051B3002ABB04 /* Assets.xcassets in Resources */,
				17A0B1541C0051B3002ABB04 /* Main.storyboard in Resources */,
			);
			runOnlyForDeploymentPostprocessing = 0;
		};
		17A0B1601C0051B3002ABB04 /* Resources */ = {
			isa = PBXResourcesBuildPhase;
			buildActionMask = 2147483647;
			files = (
			);
			runOnlyForDeploymentPostprocessing = 0;
		};
/* End PBXResourcesBuildPhase section */

/* Begin PBXSourcesBuildPhase section */
		17A0B1421C0051B3002ABB04 /* Sources */ = {
			isa = PBXSourcesBuildPhase;
			buildActionMask = 2147483647;
			files = (
				17A0B1571C0051B3002ABB04 /* Contacts.xcdatamodeld in Sources */,
				17A0B1511C0051B3002ABB04 /* ViewController.m in Sources */,
				17A0B14E1C0051B3002ABB04 /* AppDelegate.m in Sources */,
				17A0B14B1C0051B3002ABB04 /* main.m in Sources */,
			);
			runOnlyForDeploymentPostprocessing = 0;
		};
		17A0B15E1C0051B3002ABB04 /* Sources */ = {
			isa = PBXSourcesBuildPhase;
			buildActionMask = 2147483647;
			files = (
				17A0B1671C0051B3002ABB04 /* ContactsTests.m in Sources */,
			);
			runOnlyForDeploymentPostprocessing = 0;
		};
/* End PBXSourcesBuildPhase section */

/* Begin PBXTargetDependency section */
		17A0B1641C0051B3002ABB04 /* PBXTargetDependency */ = {
			isa = PBXTargetDependency;
			target = 17A0B1451C0051B3002ABB04 /* Contacts */;
			targetProxy = 17A0B1631C0051B3002ABB04 /* PBXContainerItemProxy */;
		};
/* End PBXTargetDependency section */

/* Begin PBXVariantGroup section */
		17A0B1521C0051B3002ABB04 /* Main.storyboard */ = {
			isa = PBXVariantGroup;
			children = (
				17A0B1531C0051B3002ABB04 /* Base */,
			);
			name = Main.storyboard;
			sourceTree = "<group>";
		};
		17A0B15A1C0051B3002ABB04 /* LaunchScreen.storyboard */ = {
			isa = PBXVariantGroup;
			children = (
				17A0B15B1C0051B3002ABB04 /* Base */,
			);
			name = LaunchScreen.storyboard;
			sourceTree = "<group>";
		};
/* End PBXVariantGroup section */

/* Begin XCBuildConfiguration section */
		17A0B1691C0051B3002ABB04 /* Debug */ = {
			isa = XCBuildConfiguration;
			buildSettings = {
				ALWAYS_SEARCH_USER_PATHS = NO;
				CLANG_CXX_LANGUAGE_STANDARD = "gnu++0x";
				CLANG_CXX_LIBRARY = "libc++";
				CLANG_ENABLE_MODULES = YES;
				CLANG_ENABLE_OBJC_ARC = YES;
				CLANG_WARN_BOOL_CONVERSION = YES;
				CLANG_WARN_CONSTANT_CONVERSION = YES;
				CLANG_WARN_DIRECT_OBJC_ISA_USAGE = YES_ERROR;
				CLANG_WARN_EMPTY_BODY = YES;
				CLANG_WARN_ENUM_CONVERSION = YES;
				CLANG_WARN_INT_CONVERSION = YES;
				CLANG_WARN_OBJC_ROOT_CLASS = YES_ERROR;
				CLANG_WARN_UNREACHABLE_CODE = YES;
				CLANG_WARN__DUPLICATE_METHOD_MATCH = YES;
				"CODE_SIGN_IDENTITY[sdk=iphoneos*]" = "iPhone Developer";
				COPY_PHASE_STRIP = NO;
				DEBUG_INFORMATION_FORMAT = dwarf;
				ENABLE_STRICT_OBJC_MSGSEND = YES;
				ENABLE_TESTABILITY = YES;
				GCC_C_LANGUAGE_STANDARD = gnu99;
				GCC_DYNAMIC_NO_PIC = NO;
				GCC_NO_COMMON_BLOCKS = YES;
				GCC_OPTIMIZATION_LEVEL = 0;
				GCC_PREPROCESSOR_DEFINITIONS = (
					"DEBUG=1",
					"$(inherited)",
				);
				GCC_WARN_64_TO_32_BIT_CONVERSION = YES;
				GCC_WARN_ABOUT_RETURN_TYPE = YES_ERROR;
				GCC_WARN_UNDECLARED_SELECTOR = YES;
				GCC_WARN_UNINITIALIZED_AUTOS = YES_AGGRESSIVE;
				GCC_WARN_UNUSED_FUNCTION = YES;
				GCC_WARN_UNUSED_VARIABLE = YES;
				IPHONEOS_DEPLOYMENT_TARGET = 9.1;
				MTL_ENABLE_DEBUG_INFO = YES;
				ONLY_ACTIVE_ARCH = YES;
				SDKROOT = iphoneos;
			};
			name = Debug;
		};
		17A0B16A1C0051B3002ABB04 /* Release */ = {
			isa = XCBuildConfiguration;
			buildSettings = {
				ALWAYS_SEARCH_USER_PATHS = NO;
				CLANG_CXX_LANGUAGE_STANDARD = "gnu++0x";
				CLANG_CXX_LIBRARY = "libc++";
				CLANG_ENABLE_MODULES = YES;
				CLANG_ENABLE_OBJC_ARC = YES;
				CLANG_WARN_BOOL_CONVERSION = YES;
				CLANG_WARN_CONSTANT_CONVERSION = YES;
				CLANG_WARN_DIRECT_OBJC_ISA_USAGE = YES_ERROR;
				CLANG_WARN_EMPTY_BODY = YES;
				CLANG_WARN_ENUM_CONVERSION = YES;
				CLANG_WARN_INT_CONVERSION = YES;
				CLANG_WARN_OBJC_ROOT_CLASS = YES_ERROR;
				CLANG_WARN_UNREACHABLE_CODE = YES;
				CLANG_WARN__DUPLICATE_METHOD_MATCH = YES;
				"CODE_SIGN_IDENTITY[sdk=iphoneos*]" = "iPhone Developer";
				COPY_PHASE_STRIP = NO;
				DEBUG_INFORMATION_FORMAT = "dwarf-with-dsym";
				ENABLE_NS_ASSERTIONS = NO;
				ENABLE_STRICT_OBJC_MSGSEND = YES;
				GCC_C_LANGUAGE_STANDARD = gnu99;
				GCC_NO_COMMON_BLOCKS = YES;
				GCC_WARN_64_TO_32_BIT_CONVERSION = YES;
				GCC_WARN_ABOUT_RETURN_TYPE = YES_ERROR;
				GCC_WARN_UNDECLARED_SELECTOR = YES;
				GCC_WARN_UNINITIALIZED_AUTOS = YES_AGGRESSIVE;
				GCC_WARN_UNUSED_FUNCTION = YES;
				GCC_WARN_UNUSED_VARIABLE = YES;
				IPHONEOS_DEPLOYMENT_TARGET = 9.1;
				MTL_ENABLE_DEBUG_INFO = NO;
				SDKROOT = iphoneos;
				VALIDATE_PRODUCT = YES;
			};
			name = Release;
		};
		17A0B16C1C0051B3002ABB04 /* Debug */ = {
			isa = XCBuildConfiguration;
			buildSettings = {
				ASSETCATALOG_COMPILER_APPICON_NAME = AppIcon;
				INFOPLIST_FILE = Contacts/Info.plist;
				LD_RUNPATH_SEARCH_PATHS = "$(inherited) @executable_path/Frameworks";
				PRODUCT_BUNDLE_IDENTIFIER = ro.applicious.Contacts;
				PRODUCT_NAME = "$(TARGET_NAME)";
			};
			name = Debug;
		};
		17A0B16D1C0051B3002ABB04 /* Release */ = {
			isa = XCBuildConfiguration;
			buildSettings = {
				ASSETCATALOG_COMPILER_APPICON_NAME = AppIcon;
				INFOPLIST_FILE = Contacts/Info.plist;
				LD_RUNPATH_SEARCH_PATHS = "$(inherited) @executable_path/Frameworks";
				PRODUCT_BUNDLE_IDENTIFIER = ro.applicious.Contacts;
				PRODUCT_NAME = "$(TARGET_NAME)";
			};
			name = Release;
		};
		17A0B16F1C0051B3002ABB04 /* Debug */ = {
			isa = XCBuildConfiguration;
			buildSettings = {
				BUNDLE_LOADER = "$(TEST_HOST)";
				INFOPLIST_FILE = ContactsTests/Info.plist;
				LD_RUNPATH_SEARCH_PATHS = "$(inherited) @executable_path/Frameworks @loader_path/Frameworks";
				PRODUCT_BUNDLE_IDENTIFIER = ro.applicious.ContactsTests;
				PRODUCT_NAME = "$(TARGET_NAME)";
				TEST_HOST = "$(BUILT_PRODUCTS_DIR)/Contacts.app/Contacts";
			};
			name = Debug;
		};
		17A0B1701C0051B3002ABB04 /* Release */ = {
			isa = XCBuildConfiguration;
			buildSettings = {
				BUNDLE_LOADER = "$(TEST_HOST)";
				INFOPLIST_FILE = ContactsTests/Info.plist;
				LD_RUNPATH_SEARCH_PATHS = "$(inherited) @executable_path/Frameworks @loader_path/Frameworks";
				PRODUCT_BUNDLE_IDENTIFIER = ro.applicious.ContactsTests;
				PRODUCT_NAME = "$(TARGET_NAME)";
				TEST_HOST = "$(BUILT_PRODUCTS_DIR)/Contacts.app/Contacts";
			};
			name = Release;
		};
/* End XCBuildConfiguration section */

/* Begin XCConfigurationList section */
		17A0B1411C0051B3002ABB04 /* Build configuration list for PBXProject "Contacts" */ = {
			isa = XCConfigurationList;
			buildConfigurations = (
				17A0B1691C0051B3002ABB04 /* Debug */,
				17A0B16A1C0051B3002ABB04 /* Release */,
			);
			defaultConfigurationIsVisible = 0;
			defaultConfigurationName = Release;
		};
		17A0B16B1C0051B3002ABB04 /* Build configuration list for PBXNativeTarget "Contacts" */ = {
			isa = XCConfigurationList;
			buildConfigurations = (
				17A0B16C1C0051B3002ABB04 /* Debug */,
				17A0B16D1C0051B3002ABB04 /* Release */,
			);
			defaultConfigurationIsVisible = 0;
		};
		17A0B16E1C0051B3002ABB04 /* Build configuration list for PBXNativeTarget "ContactsTests" */ = {
			isa = XCConfigurationList;
			buildConfigurations = (
				17A0B16F1C0051B3002ABB04 /* Debug */,
				17A0B1701C0051B3002ABB04 /* Release */,
			);
			defaultConfigurationIsVisible = 0;
		};
/* End XCConfigurationList section */

/* Begin XCVersionGroup section */
		17A0B1551C0051B3002ABB04 /* Contacts.xcdatamodeld */ = {
			isa = XCVersionGroup;
			children = (
				17A0B1561C0051B3002ABB04 /* Contacts.xcdatamodel */,
			);
			currentVersion = 17A0B1561C0051B3002ABB04 /* Contacts.xcdatamodel */;
			path = Contacts.xcdatamodeld;
			sourceTree = "<group>";
			versionGroupType = wrapper.xcdatamodel;
		};
/* End XCVersionGroup section */
	};
	rootObject = 17A0B13E1C0051B3002ABB04 /* Project object */;
}
