// !$*UTF8*$!
{
	archiveVersion = 1;
	classes = {
	};
	objectVersion = 46;
	objects = {

/* Begin PBXBuildFile section */
		17354CED1C0DA2D800E399C7 /* ContactTest.m in Sources */ = {isa = PBXBuildFile; fileRef = 17354CEC1C0DA2D800E399C7 /* ContactTest.m */; };
		17354CEF1C0E310700E399C7 /* ListContactPreseterTests.m in Sources */ = {isa = PBXBuildFile; fileRef = 17354CEE1C0E310700E399C7 /* ListContactPreseterTests.m */; };
		17354CF11C0E399300E399C7 /* DatastoreTests.m in Sources */ = {isa = PBXBuildFile; fileRef = 17354CF01C0E399300E399C7 /* DatastoreTests.m */; };
		17354CF31C0E486400E399C7 /* ListContactsInteractorTests.m in Sources */ = {isa = PBXBuildFile; fileRef = 17354CF21C0E486400E399C7 /* ListContactsInteractorTests.m */; };
		17354CF51C0E516400E399C7 /* ListContactsLocalDataManagerTests.m in Sources */ = {isa = PBXBuildFile; fileRef = 17354CF41C0E516400E399C7 /* ListContactsLocalDataManagerTests.m */; };
		17354CF71C0E649300E399C7 /* AddContactsLocalDataManagerTests.m in Sources */ = {isa = PBXBuildFile; fileRef = 17354CF61C0E649300E399C7 /* AddContactsLocalDataManagerTests.m */; };
		1746B06C1C0D1D4C0017EB0F /* NameValidator.m in Sources */ = {isa = PBXBuildFile; fileRef = 1746B06B1C0D1D4C0017EB0F /* NameValidator.m */; };
		1746B06F1C0D1EBD0017EB0F /* PhoneNumberValidator.m in Sources */ = {isa = PBXBuildFile; fileRef = 1746B06E1C0D1EBD0017EB0F /* PhoneNumberValidator.m */; };
		17A0B14B1C0051B3002ABB04 /* main.m in Sources */ = {isa = PBXBuildFile; fileRef = 17A0B14A1C0051B3002ABB04 /* main.m */; };
		17A0B14E1C0051B3002ABB04 /* AppDelegate.m in Sources */ = {isa = PBXBuildFile; fileRef = 17A0B14D1C0051B3002ABB04 /* AppDelegate.m */; };
		17A0B1591C0051B3002ABB04 /* Assets.xcassets in Resources */ = {isa = PBXBuildFile; fileRef = 17A0B1581C0051B3002ABB04 /* Assets.xcassets */; };
		17A0B15C1C0051B3002ABB04 /* LaunchScreen.storyboard in Resources */ = {isa = PBXBuildFile; fileRef = 17A0B15A1C0051B3002ABB04 /* LaunchScreen.storyboard */; };
		17A0B1671C0051B3002ABB04 /* ValidatorsTests.m in Sources */ = {isa = PBXBuildFile; fileRef = 17A0B1661C0051B3002ABB04 /* ValidatorsTests.m */; };
		17A0B1D31C005487002ABB04 /* Dependencies.m in Sources */ = {isa = PBXBuildFile; fileRef = 17A0B1D21C005487002ABB04 /* Dependencies.m */; };
		17A0B1D81C005624002ABB04 /* RootWireframe.m in Sources */ = {isa = PBXBuildFile; fileRef = 17A0B1D71C005624002ABB04 /* RootWireframe.m */; };
		17C039841C0BCBF700D8AF12 /* AddContactsLocalDataManager.m in Sources */ = {isa = PBXBuildFile; fileRef = 17C039731C0BCBF700D8AF12 /* AddContactsLocalDataManager.m */; };
		17C039851C0BCBF700D8AF12 /* AddContactsInteractor.m in Sources */ = {isa = PBXBuildFile; fileRef = 17C039761C0BCBF700D8AF12 /* AddContactsInteractor.m */; };
		17C039861C0BCBF700D8AF12 /* AddContactsItem.m in Sources */ = {isa = PBXBuildFile; fileRef = 17C039781C0BCBF700D8AF12 /* AddContactsItem.m */; };
		17C039871C0BCBF700D8AF12 /* AddContactsPresenter.m in Sources */ = {isa = PBXBuildFile; fileRef = 17C0397B1C0BCBF700D8AF12 /* AddContactsPresenter.m */; };
		17C039881C0BCBF700D8AF12 /* AddContactsView.m in Sources */ = {isa = PBXBuildFile; fileRef = 17C039801C0BCBF700D8AF12 /* AddContactsView.m */; };
		17C039891C0BCBF700D8AF12 /* AddContactsWireFrame.m in Sources */ = {isa = PBXBuildFile; fileRef = 17C039831C0BCBF700D8AF12 /* AddContactsWireFrame.m */; };
		17C0398E1C0BED5F00D8AF12 /* Utilities.m in Sources */ = {isa = PBXBuildFile; fileRef = 17C0398D1C0BED5F00D8AF12 /* Utilities.m */; };
		17C4205B1C0D39070091CB25 /* ListContactViewTests.m in Sources */ = {isa = PBXBuildFile; fileRef = 17C4205A1C0D39070091CB25 /* ListContactViewTests.m */; };
		17C420851C0D43540091CB25 /* libOCMock.a in Frameworks */ = {isa = PBXBuildFile; fileRef = 17C420831C0D43140091CB25 /* libOCMock.a */; };
		17E2BC1F1C0B73ED00232CFA /* Datastore.m in Sources */ = {isa = PBXBuildFile; fileRef = 17E2BC1E1C0B73ED00232CFA /* Datastore.m */; };
		17E2BC221C0B7AE600232CFA /* DataManager.m in Sources */ = {isa = PBXBuildFile; fileRef = 17E2BC211C0B7AE600232CFA /* DataManager.m */; };
		17E2BC7C1C0B886700232CFA /* ListContactsLocalDataManager.m in Sources */ = {isa = PBXBuildFile; fileRef = 17E2BC5C1C0B886700232CFA /* ListContactsLocalDataManager.m */; };
		17E2BC7D1C0B886700232CFA /* ListContactsInteractor.m in Sources */ = {isa = PBXBuildFile; fileRef = 17E2BC5F1C0B886700232CFA /* ListContactsInteractor.m */; };
		17E2BC7F1C0B886700232CFA /* ListContactsPresenter.m in Sources */ = {isa = PBXBuildFile; fileRef = 17E2BC641C0B886700232CFA /* ListContactsPresenter.m */; };
		17E2BC801C0B886700232CFA /* ListContactsView.m in Sources */ = {isa = PBXBuildFile; fileRef = 17E2BC691C0B886700232CFA /* ListContactsView.m */; };
		17E2BC811C0B886700232CFA /* ListContactsWireFrame.m in Sources */ = {isa = PBXBuildFile; fileRef = 17E2BC6C1C0B886700232CFA /* ListContactsWireFrame.m */; };
		17E2BCA61C0BACF400232CFA /* Contact.m in Sources */ = {isa = PBXBuildFile; fileRef = 17E2BCA51C0BACF400232CFA /* Contact.m */; };
		17E2BCAA1C0BB0AA00232CFA /* PContact.m in Sources */ = {isa = PBXBuildFile; fileRef = 17E2BCA91C0BB0AA00232CFA /* PContact.m */; };
		17E2BCAD1C0BC0C600232CFA /* Main.storyboard in Resources */ = {isa = PBXBuildFile; fileRef = 17E2BCAB1C0BC0C600232CFA /* Main.storyboard */; };
/* End PBXBuildFile section */

/* Begin PBXContainerItemProxy section */
		17A0B1631C0051B3002ABB04 /* PBXContainerItemProxy */ = {
			isa = PBXContainerItemProxy;
			containerPortal = 17A0B13E1C0051B3002ABB04 /* Project object */;
			proxyType = 1;
			remoteGlobalIDString = 17A0B1451C0051B3002ABB04;
			remoteInfo = Contacts;
		};
/* End PBXContainerItemProxy section */

/* Begin PBXFileReference section */
		17354CEC1C0DA2D800E399C7 /* ContactTest.m */ = {isa = PBXFileReference; fileEncoding = 4; lastKnownFileType = sourcecode.c.objc; path = ContactTest.m; sourceTree = "<group>"; };
		17354CEE1C0E310700E399C7 /* ListContactPreseterTests.m */ = {isa = PBXFileReference; fileEncoding = 4; lastKnownFileType = sourcecode.c.objc; path = ListContactPreseterTests.m; sourceTree = "<group>"; };
		17354CF01C0E399300E399C7 /* DatastoreTests.m */ = {isa = PBXFileReference; fileEncoding = 4; lastKnownFileType = sourcecode.c.objc; path = DatastoreTests.m; sourceTree = "<group>"; };
		17354CF21C0E486400E399C7 /* ListContactsInteractorTests.m */ = {isa = PBXFileReference; fileEncoding = 4; lastKnownFileType = sourcecode.c.objc; path = ListContactsInteractorTests.m; sourceTree = "<group>"; };
		17354CF41C0E516400E399C7 /* ListContactsLocalDataManagerTests.m */ = {isa = PBXFileReference; fileEncoding = 4; lastKnownFileType = sourcecode.c.objc; path = ListContactsLocalDataManagerTests.m; sourceTree = "<group>"; };
		17354CF61C0E649300E399C7 /* AddContactsLocalDataManagerTests.m */ = {isa = PBXFileReference; fileEncoding = 4; lastKnownFileType = sourcecode.c.objc; path = AddContactsLocalDataManagerTests.m; sourceTree = "<group>"; };
		1746B0661C0D1C9B0017EB0F /* TextValidator.h */ = {isa = PBXFileReference; fileEncoding = 4; lastKnownFileType = sourcecode.c.h; name = TextValidator.h; path = Validator/TextValidator.h; sourceTree = "<group>"; };
		1746B06A1C0D1D4C0017EB0F /* NameValidator.h */ = {isa = PBXFileReference; fileEncoding = 4; lastKnownFileType = sourcecode.c.h; name = NameValidator.h; path = Validator/NameValidator.h; sourceTree = "<group>"; };
		1746B06B1C0D1D4C0017EB0F /* NameValidator.m */ = {isa = PBXFileReference; fileEncoding = 4; lastKnownFileType = sourcecode.c.objc; name = NameValidator.m; path = Validator/NameValidator.m; sourceTree = "<group>"; };
		1746B06D1C0D1EBD0017EB0F /* PhoneNumberValidator.h */ = {isa = PBXFileReference; fileEncoding = 4; lastKnownFileType = sourcecode.c.h; name = PhoneNumberValidator.h; path = Validator/PhoneNumberValidator.h; sourceTree = "<group>"; };
		1746B06E1C0D1EBD0017EB0F /* PhoneNumberValidator.m */ = {isa = PBXFileReference; fileEncoding = 4; lastKnownFileType = sourcecode.c.objc; name = PhoneNumberValidator.m; path = Validator/PhoneNumberValidator.m; sourceTree = "<group>"; };
		17A0B1461C0051B3002ABB04 /* Contacts.app */ = {isa = PBXFileReference; explicitFileType = wrapper.application; includeInIndex = 0; path = Contacts.app; sourceTree = BUILT_PRODUCTS_DIR; };
		17A0B14A1C0051B3002ABB04 /* main.m */ = {isa = PBXFileReference; lastKnownFileType = sourcecode.c.objc; path = main.m; sourceTree = "<group>"; };
		17A0B14C1C0051B3002ABB04 /* AppDelegate.h */ = {isa = PBXFileReference; lastKnownFileType = sourcecode.c.h; path = AppDelegate.h; sourceTree = "<group>"; };
		17A0B14D1C0051B3002ABB04 /* AppDelegate.m */ = {isa = PBXFileReference; lastKnownFileType = sourcecode.c.objc; path = AppDelegate.m; sourceTree = "<group>"; };
		17A0B1581C0051B3002ABB04 /* Assets.xcassets */ = {isa = PBXFileReference; lastKnownFileType = folder.assetcatalog; path = Assets.xcassets; sourceTree = "<group>"; };
		17A0B15B1C0051B3002ABB04 /* Base */ = {isa = PBXFileReference; lastKnownFileType = file.storyboard; name = Base; path = Base.lproj/LaunchScreen.storyboard; sourceTree = "<group>"; };
		17A0B15D1C0051B3002ABB04 /* Info.plist */ = {isa = PBXFileReference; lastKnownFileType = text.plist.xml; path = Info.plist; sourceTree = "<group>"; };
		17A0B1621C0051B3002ABB04 /* ContactsTests.xctest */ = {isa = PBXFileReference; explicitFileType = wrapper.cfbundle; includeInIndex = 0; path = ContactsTests.xctest; sourceTree = BUILT_PRODUCTS_DIR; };
		17A0B1661C0051B3002ABB04 /* ValidatorsTests.m */ = {isa = PBXFileReference; lastKnownFileType = sourcecode.c.objc; path = ValidatorsTests.m; sourceTree = "<group>"; };
		17A0B1681C0051B3002ABB04 /* Info.plist */ = {isa = PBXFileReference; lastKnownFileType = text.plist.xml; path = Info.plist; sourceTree = "<group>"; };
		17A0B1D11C005487002ABB04 /* Dependencies.h */ = {isa = PBXFileReference; fileEncoding = 4; lastKnownFileType = sourcecode.c.h; path = Dependencies.h; sourceTree = "<group>"; };
		17A0B1D21C005487002ABB04 /* Dependencies.m */ = {isa = PBXFileReference; fileEncoding = 4; lastKnownFileType = sourcecode.c.objc; path = Dependencies.m; sourceTree = "<group>"; };
		17A0B1D61C005624002ABB04 /* RootWireframe.h */ = {isa = PBXFileReference; fileEncoding = 4; lastKnownFileType = sourcecode.c.h; name = RootWireframe.h; path = Common/RootWindow/RootWireframe.h; sourceTree = "<group>"; };
		17A0B1D71C005624002ABB04 /* RootWireframe.m */ = {isa = PBXFileReference; fileEncoding = 4; lastKnownFileType = sourcecode.c.objc; name = RootWireframe.m; path = Common/RootWindow/RootWireframe.m; sourceTree = "<group>"; };
		17C0396E1C0BCBF700D8AF12 /* AddModuleDelegate.h */ = {isa = PBXFileReference; fileEncoding = 4; lastKnownFileType = sourcecode.c.h; path = AddModuleDelegate.h; sourceTree = "<group>"; };
		17C039721C0BCBF700D8AF12 /* AddContactsLocalDataManager.h */ = {isa = PBXFileReference; fileEncoding = 4; lastKnownFileType = sourcecode.c.h; path = AddContactsLocalDataManager.h; sourceTree = "<group>"; };
		17C039731C0BCBF700D8AF12 /* AddContactsLocalDataManager.m */ = {isa = PBXFileReference; fileEncoding = 4; lastKnownFileType = sourcecode.c.objc; path = AddContactsLocalDataManager.m; sourceTree = "<group>"; };
		17C039751C0BCBF700D8AF12 /* AddContactsInteractor.h */ = {isa = PBXFileReference; fileEncoding = 4; lastKnownFileType = sourcecode.c.h; path = AddContactsInteractor.h; sourceTree = "<group>"; };
		17C039761C0BCBF700D8AF12 /* AddContactsInteractor.m */ = {isa = PBXFileReference; fileEncoding = 4; lastKnownFileType = sourcecode.c.objc; path = AddContactsInteractor.m; sourceTree = "<group>"; };
		17C039771C0BCBF700D8AF12 /* AddContactsItem.h */ = {isa = PBXFileReference; fileEncoding = 4; lastKnownFileType = sourcecode.c.h; path = AddContactsItem.h; sourceTree = "<group>"; };
		17C039781C0BCBF700D8AF12 /* AddContactsItem.m */ = {isa = PBXFileReference; fileEncoding = 4; lastKnownFileType = sourcecode.c.objc; path = AddContactsItem.m; sourceTree = "<group>"; };
		17C0397A1C0BCBF700D8AF12 /* AddContactsPresenter.h */ = {isa = PBXFileReference; fileEncoding = 4; lastKnownFileType = sourcecode.c.h; path = AddContactsPresenter.h; sourceTree = "<group>"; };
		17C0397B1C0BCBF700D8AF12 /* AddContactsPresenter.m */ = {isa = PBXFileReference; fileEncoding = 4; lastKnownFileType = sourcecode.c.objc; path = AddContactsPresenter.m; sourceTree = "<group>"; };
		17C0397D1C0BCBF700D8AF12 /* AddContactsProtocols.h */ = {isa = PBXFileReference; fileEncoding = 4; lastKnownFileType = sourcecode.c.h; path = AddContactsProtocols.h; sourceTree = "<group>"; };
		17C0397F1C0BCBF700D8AF12 /* AddContactsView.h */ = {isa = PBXFileReference; fileEncoding = 4; lastKnownFileType = sourcecode.c.h; path = AddContactsView.h; sourceTree = "<group>"; };
		17C039801C0BCBF700D8AF12 /* AddContactsView.m */ = {isa = PBXFileReference; fileEncoding = 4; lastKnownFileType = sourcecode.c.objc; path = AddContactsView.m; sourceTree = "<group>"; };
		17C039821C0BCBF700D8AF12 /* AddContactsWireFrame.h */ = {isa = PBXFileReference; fileEncoding = 4; lastKnownFileType = sourcecode.c.h; path = AddContactsWireFrame.h; sourceTree = "<group>"; };
		17C039831C0BCBF700D8AF12 /* AddContactsWireFrame.m */ = {isa = PBXFileReference; fileEncoding = 4; lastKnownFileType = sourcecode.c.objc; path = AddContactsWireFrame.m; sourceTree = "<group>"; };
		17C0398C1C0BED5F00D8AF12 /* Utilities.h */ = {isa = PBXFileReference; fileEncoding = 4; lastKnownFileType = sourcecode.c.h; name = Utilities.h; path = Utilities/Utilities.h; sourceTree = "<group>"; };
		17C0398D1C0BED5F00D8AF12 /* Utilities.m */ = {isa = PBXFileReference; fileEncoding = 4; lastKnownFileType = sourcecode.c.objc; name = Utilities.m; path = Utilities/Utilities.m; sourceTree = "<group>"; };
		17C4205A1C0D39070091CB25 /* ListContactViewTests.m */ = {isa = PBXFileReference; fileEncoding = 4; lastKnownFileType = sourcecode.c.objc; path = ListContactViewTests.m; sourceTree = "<group>"; };
		17C420781C0D43140091CB25 /* NSNotificationCenter+OCMAdditions.h */ = {isa = PBXFileReference; fileEncoding = 4; lastKnownFileType = sourcecode.c.h; path = "NSNotificationCenter+OCMAdditions.h"; sourceTree = "<group>"; };
		17C420791C0D43140091CB25 /* OCMArg.h */ = {isa = PBXFileReference; fileEncoding = 4; lastKnownFileType = sourcecode.c.h; path = OCMArg.h; sourceTree = "<group>"; };
		17C4207A1C0D43140091CB25 /* OCMConstraint.h */ = {isa = PBXFileReference; fileEncoding = 4; lastKnownFileType = sourcecode.c.h; path = OCMConstraint.h; sourceTree = "<group>"; };
		17C4207B1C0D43140091CB25 /* OCMFunctions.h */ = {isa = PBXFileReference; fileEncoding = 4; lastKnownFileType = sourcecode.c.h; path = OCMFunctions.h; sourceTree = "<group>"; };
		17C4207C1C0D43140091CB25 /* OCMLocation.h */ = {isa = PBXFileReference; fileEncoding = 4; lastKnownFileType = sourcecode.c.h; path = OCMLocation.h; sourceTree = "<group>"; };
		17C4207D1C0D43140091CB25 /* OCMMacroState.h */ = {isa = PBXFileReference; fileEncoding = 4; lastKnownFileType = sourcecode.c.h; path = OCMMacroState.h; sourceTree = "<group>"; };
		17C4207E1C0D43140091CB25 /* OCMock.h */ = {isa = PBXFileReference; fileEncoding = 4; lastKnownFileType = sourcecode.c.h; path = OCMock.h; sourceTree = "<group>"; };
		17C4207F1C0D43140091CB25 /* OCMockObject.h */ = {isa = PBXFileReference; fileEncoding = 4; lastKnownFileType = sourcecode.c.h; path = OCMockObject.h; sourceTree = "<group>"; };
		17C420801C0D43140091CB25 /* OCMRecorder.h */ = {isa = PBXFileReference; fileEncoding = 4; lastKnownFileType = sourcecode.c.h; path = OCMRecorder.h; sourceTree = "<group>"; };
		17C420811C0D43140091CB25 /* OCMStubRecorder.h */ = {isa = PBXFileReference; fileEncoding = 4; lastKnownFileType = sourcecode.c.h; path = OCMStubRecorder.h; sourceTree = "<group>"; };
		17C420831C0D43140091CB25 /* libOCMock.a */ = {isa = PBXFileReference; lastKnownFileType = archive.ar; path = libOCMock.a; sourceTree = "<group>"; };
		17E2BC1D1C0B73ED00232CFA /* Datastore.h */ = {isa = PBXFileReference; fileEncoding = 4; lastKnownFileType = sourcecode.c.h; name = Datastore.h; path = Common/Datastore/Datastore.h; sourceTree = "<group>"; };
		17E2BC1E1C0B73ED00232CFA /* Datastore.m */ = {isa = PBXFileReference; fileEncoding = 4; lastKnownFileType = sourcecode.c.objc; name = Datastore.m; path = Common/Datastore/Datastore.m; sourceTree = "<group>"; };
		17E2BC201C0B7AE600232CFA /* DataManager.h */ = {isa = PBXFileReference; fileEncoding = 4; lastKnownFileType = sourcecode.c.h; name = DataManager.h; path = Common/Manager/DataManager.h; sourceTree = "<group>"; };
		17E2BC211C0B7AE600232CFA /* DataManager.m */ = {isa = PBXFileReference; fileEncoding = 4; lastKnownFileType = sourcecode.c.objc; name = DataManager.m; path = Common/Manager/DataManager.m; sourceTree = "<group>"; };
		17E2BC5B1C0B886700232CFA /* ListContactsLocalDataManager.h */ = {isa = PBXFileReference; fileEncoding = 4; lastKnownFileType = sourcecode.c.h; lineEnding = 0; path = ListContactsLocalDataManager.h; sourceTree = "<group>"; xcLanguageSpecificationIdentifier = xcode.lang.objcpp; };
		17E2BC5C1C0B886700232CFA /* ListContactsLocalDataManager.m */ = {isa = PBXFileReference; fileEncoding = 4; lastKnownFileType = sourcecode.c.objc; path = ListContactsLocalDataManager.m; sourceTree = "<group>"; };
		17E2BC5E1C0B886700232CFA /* ListContactsInteractor.h */ = {isa = PBXFileReference; fileEncoding = 4; lastKnownFileType = sourcecode.c.h; lineEnding = 0; path = ListContactsInteractor.h; sourceTree = "<group>"; xcLanguageSpecificationIdentifier = xcode.lang.objcpp; };
		17E2BC5F1C0B886700232CFA /* ListContactsInteractor.m */ = {isa = PBXFileReference; fileEncoding = 4; lastKnownFileType = sourcecode.c.objc; path = ListContactsInteractor.m; sourceTree = "<group>"; };
		17E2BC631C0B886700232CFA /* ListContactsPresenter.h */ = {isa = PBXFileReference; fileEncoding = 4; lastKnownFileType = sourcecode.c.h; path = ListContactsPresenter.h; sourceTree = "<group>"; };
		17E2BC641C0B886700232CFA /* ListContactsPresenter.m */ = {isa = PBXFileReference; fileEncoding = 4; lastKnownFileType = sourcecode.c.objc; path = ListContactsPresenter.m; sourceTree = "<group>"; };
		17E2BC681C0B886700232CFA /* ListContactsView.h */ = {isa = PBXFileReference; fileEncoding = 4; lastKnownFileType = sourcecode.c.h; path = ListContactsView.h; sourceTree = "<group>"; };
		17E2BC691C0B886700232CFA /* ListContactsView.m */ = {isa = PBXFileReference; fileEncoding = 4; lastKnownFileType = sourcecode.c.objc; path = ListContactsView.m; sourceTree = "<group>"; };
		17E2BC6B1C0B886700232CFA /* ListContactsWireFrame.h */ = {isa = PBXFileReference; fileEncoding = 4; lastKnownFileType = sourcecode.c.h; path = ListContactsWireFrame.h; sourceTree = "<group>"; };
		17E2BC6C1C0B886700232CFA /* ListContactsWireFrame.m */ = {isa = PBXFileReference; fileEncoding = 4; lastKnownFileType = sourcecode.c.objc; path = ListContactsWireFrame.m; sourceTree = "<group>"; };
		17E2BC821C0BA38600232CFA /* ListContactsProtocols.h */ = {isa = PBXFileReference; fileEncoding = 4; lastKnownFileType = sourcecode.c.h; lineEnding = 0; path = ListContactsProtocols.h; sourceTree = "<group>"; xcLanguageSpecificationIdentifier = xcode.lang.objcpp; };
		17E2BCA41C0BACF400232CFA /* Contact.h */ = {isa = PBXFileReference; fileEncoding = 4; lastKnownFileType = sourcecode.c.h; name = Contact.h; path = Common/Model/Contact.h; sourceTree = "<group>"; };
		17E2BCA51C0BACF400232CFA /* Contact.m */ = {isa = PBXFileReference; fileEncoding = 4; lastKnownFileType = sourcecode.c.objc; name = Contact.m; path = Common/Model/Contact.m; sourceTree = "<group>"; };
		17E2BCA81C0BB0AA00232CFA /* PContact.h */ = {isa = PBXFileReference; fileEncoding = 4; lastKnownFileType = sourcecode.c.h; name = PContact.h; path = Common/Datastore/PContact.h; sourceTree = "<group>"; };
		17E2BCA91C0BB0AA00232CFA /* PContact.m */ = {isa = PBXFileReference; fileEncoding = 4; lastKnownFileType = sourcecode.c.objc; name = PContact.m; path = Common/Datastore/PContact.m; sourceTree = "<group>"; };
		17E2BCAC1C0BC0C600232CFA /* Base */ = {isa = PBXFileReference; lastKnownFileType = file.storyboard; name = Base; path = Base.lproj/Main.storyboard; sourceTree = "<group>"; };
/* End PBXFileReference section */

/* Begin PBXFrameworksBuildPhase section */
		17A0B1431C0051B3002ABB04 /* Frameworks */ = {
			isa = PBXFrameworksBuildPhase;
			buildActionMask = 2147483647;
			files = (
			);
			runOnlyForDeploymentPostprocessing = 0;
		};
		17A0B15F1C0051B3002ABB04 /* Frameworks */ = {
			isa = PBXFrameworksBuildPhase;
			buildActionMask = 2147483647;
			files = (
				17C420851C0D43540091CB25 /* libOCMock.a in Frameworks */,
			);
			runOnlyForDeploymentPostprocessing = 0;
		};
/* End PBXFrameworksBuildPhase section */

/* Begin PBXGroup section */
		1746B0691C0D1CA20017EB0F /* Validator */ = {
			isa = PBXGroup;
			children = (
				1746B0661C0D1C9B0017EB0F /* TextValidator.h */,
				1746B06A1C0D1D4C0017EB0F /* NameValidator.h */,
				1746B06B1C0D1D4C0017EB0F /* NameValidator.m */,
				1746B06D1C0D1EBD0017EB0F /* PhoneNumberValidator.h */,
				1746B06E1C0D1EBD0017EB0F /* PhoneNumberValidator.m */,
			);
			name = Validator;
			sourceTree = "<group>";
		};
		17A0B13D1C0051B3002ABB04 = {
			isa = PBXGroup;
			children = (
				17C420751C0D43140091CB25 /* usr */,
				17A0B1481C0051B3002ABB04 /* Contacts */,
				17A0B1651C0051B3002ABB04 /* ContactsTests */,
				17A0B1471C0051B3002ABB04 /* Products */,
			);
			sourceTree = "<group>";
		};
		17A0B1471C0051B3002ABB04 /* Products */ = {
			isa = PBXGroup;
			children = (
				17A0B1461C0051B3002ABB04 /* Contacts.app */,
				17A0B1621C0051B3002ABB04 /* ContactsTests.xctest */,
			);
			name = Products;
			sourceTree = "<group>";
		};
		17A0B1481C0051B3002ABB04 /* Contacts */ = {
			isa = PBXGroup;
			children = (
				17E2BC241C0B886700232CFA /* Modules */,
				17A0B14C1C0051B3002ABB04 /* AppDelegate.h */,
				17A0B14D1C0051B3002ABB04 /* AppDelegate.m */,
				17A0B1D11C005487002ABB04 /* Dependencies.h */,
				17A0B1D21C005487002ABB04 /* Dependencies.m */,
				17A0B1D41C0055ED002ABB04 /* Common */,
				17A0B1CF1C00537F002ABB04 /* Resources */,
				17A0B1491C0051B3002ABB04 /* Supporting Files */,
			);
			path = Contacts;
			sourceTree = "<group>";
		};
		17A0B1491C0051B3002ABB04 /* Supporting Files */ = {
			isa = PBXGroup;
			children = (
				17A0B15D1C0051B3002ABB04 /* Info.plist */,
				17A0B14A1C0051B3002ABB04 /* main.m */,
			);
			name = "Supporting Files";
			sourceTree = "<group>";
		};
		17A0B1651C0051B3002ABB04 /* ContactsTests */ = {
			isa = PBXGroup;
			children = (
				17A0B1681C0051B3002ABB04 /* Info.plist */,
				17354CEC1C0DA2D800E399C7 /* ContactTest.m */,
				17354CEE1C0E310700E399C7 /* ListContactPreseterTests.m */,
				17C4205A1C0D39070091CB25 /* ListContactViewTests.m */,
				17A0B1661C0051B3002ABB04 /* ValidatorsTests.m */,
				17354CF01C0E399300E399C7 /* DatastoreTests.m */,
				17354CF21C0E486400E399C7 /* ListContactsInteractorTests.m */,
				17354CF41C0E516400E399C7 /* ListContactsLocalDataManagerTests.m */,
				17354CF61C0E649300E399C7 /* AddContactsLocalDataManagerTests.m */,
			);
			path = ContactsTests;
			sourceTree = "<group>";
		};
		17A0B1CF1C00537F002ABB04 /* Resources */ = {
			isa = PBXGroup;
			children = (
				17E2BCAB1C0BC0C600232CFA /* Main.storyboard */,
				17A0B1581C0051B3002ABB04 /* Assets.xcassets */,
				17A0B15A1C0051B3002ABB04 /* LaunchScreen.storyboard */,
			);
			name = Resources;
			sourceTree = "<group>";
		};
		17A0B1D41C0055ED002ABB04 /* Common */ = {
			isa = PBXGroup;
			children = (
				1746B0691C0D1CA20017EB0F /* Validator */,
				17C0398B1C0BED3C00D8AF12 /* Utilities */,
				17E2BCA31C0BACD300232CFA /* Model */,
				17E2BC1C1C0B73C500232CFA /* Store */,
				17A0B1D51C0055F8002ABB04 /* RootWindow */,
				17E2BC231C0B7B2300232CFA /* Manager */,
			);
			name = Common;
			sourceTree = "<group>";
		};
		17A0B1D51C0055F8002ABB04 /* RootWindow */ = {
			isa = PBXGroup;
			children = (
				17A0B1D61C005624002ABB04 /* RootWireframe.h */,
				17A0B1D71C005624002ABB04 /* RootWireframe.m */,
			);
			name = RootWindow;
			sourceTree = "<group>";
		};
		17C0396D1C0BCBF700D8AF12 /* AddContacts */ = {
			isa = PBXGroup;
			children = (
				17C0396E1C0BCBF700D8AF12 /* AddModuleDelegate.h */,
				17C0396F1C0BCBF700D8AF12 /* DataManager */,
				17C039741C0BCBF700D8AF12 /* Interactor */,
				17C039791C0BCBF700D8AF12 /* Presenter */,
				17C0397C1C0BCBF700D8AF12 /* Protocols */,
				17C0397E1C0BCBF700D8AF12 /* View */,
				17C039811C0BCBF700D8AF12 /* WireFrame */,
			);
			path = AddContacts;
			sourceTree = "<group>";
		};
		17C0396F1C0BCBF700D8AF12 /* DataManager */ = {
			isa = PBXGroup;
			children = (
				17C039711C0BCBF700D8AF12 /* Local */,
			);
			path = DataManager;
			sourceTree = "<group>";
		};
		17C039711C0BCBF700D8AF12 /* Local */ = {
			isa = PBXGroup;
			children = (
				17C039721C0BCBF700D8AF12 /* AddContactsLocalDataManager.h */,
				17C039731C0BCBF700D8AF12 /* AddContactsLocalDataManager.m */,
			);
			path = Local;
			sourceTree = "<group>";
		};
		17C039741C0BCBF700D8AF12 /* Interactor */ = {
			isa = PBXGroup;
			children = (
				17C039751C0BCBF700D8AF12 /* AddContactsInteractor.h */,
				17C039761C0BCBF700D8AF12 /* AddContactsInteractor.m */,
				17C039771C0BCBF700D8AF12 /* AddContactsItem.h */,
				17C039781C0BCBF700D8AF12 /* AddContactsItem.m */,
			);
			path = Interactor;
			sourceTree = "<group>";
		};
		17C039791C0BCBF700D8AF12 /* Presenter */ = {
			isa = PBXGroup;
			children = (
				17C0397A1C0BCBF700D8AF12 /* AddContactsPresenter.h */,
				17C0397B1C0BCBF700D8AF12 /* AddContactsPresenter.m */,
			);
			path = Presenter;
			sourceTree = "<group>";
		};
		17C0397C1C0BCBF700D8AF12 /* Protocols */ = {
			isa = PBXGroup;
			children = (
				17C0397D1C0BCBF700D8AF12 /* AddContactsProtocols.h */,
			);
			path = Protocols;
			sourceTree = "<group>";
		};
		17C0397E1C0BCBF700D8AF12 /* View */ = {
			isa = PBXGroup;
			children = (
				17C0397F1C0BCBF700D8AF12 /* AddContactsView.h */,
				17C039801C0BCBF700D8AF12 /* AddContactsView.m */,
			);
			path = View;
			sourceTree = "<group>";
		};
		17C039811C0BCBF700D8AF12 /* WireFrame */ = {
			isa = PBXGroup;
			children = (
				17C039821C0BCBF700D8AF12 /* AddContactsWireFrame.h */,
				17C039831C0BCBF700D8AF12 /* AddContactsWireFrame.m */,
			);
			path = WireFrame;
			sourceTree = "<group>";
		};
		17C0398B1C0BED3C00D8AF12 /* Utilities */ = {
			isa = PBXGroup;
			children = (
				17C0398C1C0BED5F00D8AF12 /* Utilities.h */,
				17C0398D1C0BED5F00D8AF12 /* Utilities.m */,
			);
			name = Utilities;
			sourceTree = "<group>";
		};
		17C420751C0D43140091CB25 /* usr */ = {
			isa = PBXGroup;
			children = (
				17C420761C0D43140091CB25 /* include */,
				17C420821C0D43140091CB25 /* lib */,
			);
			path = usr;
			sourceTree = "<group>";
		};
		17C420761C0D43140091CB25 /* include */ = {
			isa = PBXGroup;
			children = (
				17C420771C0D43140091CB25 /* OCMock */,
			);
			path = include;
			sourceTree = "<group>";
		};
		17C420771C0D43140091CB25 /* OCMock */ = {
			isa = PBXGroup;
			children = (
				17C420781C0D43140091CB25 /* NSNotificationCenter+OCMAdditions.h */,
				17C420791C0D43140091CB25 /* OCMArg.h */,
				17C4207A1C0D43140091CB25 /* OCMConstraint.h */,
				17C4207B1C0D43140091CB25 /* OCMFunctions.h */,
				17C4207C1C0D43140091CB25 /* OCMLocation.h */,
				17C4207D1C0D43140091CB25 /* OCMMacroState.h */,
				17C4207E1C0D43140091CB25 /* OCMock.h */,
				17C4207F1C0D43140091CB25 /* OCMockObject.h */,
				17C420801C0D43140091CB25 /* OCMRecorder.h */,
				17C420811C0D43140091CB25 /* OCMStubRecorder.h */,
			);
			path = OCMock;
			sourceTree = "<group>";
		};
		17C420821C0D43140091CB25 /* lib */ = {
			isa = PBXGroup;
			children = (
				17C420831C0D43140091CB25 /* libOCMock.a */,
			);
			path = lib;
			sourceTree = "<group>";
		};
		17E2BC1C1C0B73C500232CFA /* Store */ = {
			isa = PBXGroup;
			children = (
				17E2BCA71C0BB07B00232CFA /* Entities */,
				17E2BC1D1C0B73ED00232CFA /* Datastore.h */,
				17E2BC1E1C0B73ED00232CFA /* Datastore.m */,
			);
			name = Store;
			sourceTree = "<group>";
		};
		17E2BC231C0B7B2300232CFA /* Manager */ = {
			isa = PBXGroup;
			children = (
				17E2BC201C0B7AE600232CFA /* DataManager.h */,
				17E2BC211C0B7AE600232CFA /* DataManager.m */,
			);
			name = Manager;
			sourceTree = "<group>";
		};
		17E2BC241C0B886700232CFA /* Modules */ = {
			isa = PBXGroup;
			children = (
				17C0396D1C0BCBF700D8AF12 /* AddContacts */,
				17E2BC551C0B886700232CFA /* ListContacts */,
			);
			path = Modules;
			sourceTree = "<group>";
		};
		17E2BC551C0B886700232CFA /* ListContacts */ = {
			isa = PBXGroup;
			children = (
				17E2BC821C0BA38600232CFA /* ListContactsProtocols.h */,
				17E2BC561C0B886700232CFA /* DataManager */,
				17E2BC5D1C0B886700232CFA /* Interactor */,
				17E2BC621C0B886700232CFA /* Presenter */,
				17E2BC671C0B886700232CFA /* View */,
				17E2BC6A1C0B886700232CFA /* WireFrame */,
			);
			path = ListContacts;
			sourceTree = "<group>";
		};
		17E2BC561C0B886700232CFA /* DataManager */ = {
			isa = PBXGroup;
			children = (
				17E2BC5A1C0B886700232CFA /* Local */,
			);
			path = DataManager;
			sourceTree = "<group>";
		};
		17E2BC5A1C0B886700232CFA /* Local */ = {
			isa = PBXGroup;
			children = (
				17E2BC5B1C0B886700232CFA /* ListContactsLocalDataManager.h */,
				17E2BC5C1C0B886700232CFA /* ListContactsLocalDataManager.m */,
			);
			path = Local;
			sourceTree = "<group>";
		};
		17E2BC5D1C0B886700232CFA /* Interactor */ = {
			isa = PBXGroup;
			children = (
				17E2BC5E1C0B886700232CFA /* ListContactsInteractor.h */,
				17E2BC5F1C0B886700232CFA /* ListContactsInteractor.m */,
			);
			path = Interactor;
			sourceTree = "<group>";
		};
		17E2BC621C0B886700232CFA /* Presenter */ = {
			isa = PBXGroup;
			children = (
				17E2BC631C0B886700232CFA /* ListContactsPresenter.h */,
				17E2BC641C0B886700232CFA /* ListContactsPresenter.m */,
			);
			path = Presenter;
			sourceTree = "<group>";
		};
		17E2BC671C0B886700232CFA /* View */ = {
			isa = PBXGroup;
			children = (
				17E2BC681C0B886700232CFA /* ListContactsView.h */,
				17E2BC691C0B886700232CFA /* ListContactsView.m */,
			);
			path = View;
			sourceTree = "<group>";
		};
		17E2BC6A1C0B886700232CFA /* WireFrame */ = {
			isa = PBXGroup;
			children = (
				17E2BC6B1C0B886700232CFA /* ListContactsWireFrame.h */,
				17E2BC6C1C0B886700232CFA /* ListContactsWireFrame.m */,
			);
			path = WireFrame;
			sourceTree = "<group>";
		};
		17E2BCA31C0BACD300232CFA /* Model */ = {
			isa = PBXGroup;
			children = (
				17E2BCA41C0BACF400232CFA /* Contact.h */,
				17E2BCA51C0BACF400232CFA /* Contact.m */,
			);
			name = Model;
			sourceTree = "<group>";
		};
		17E2BCA71C0BB07B00232CFA /* Entities */ = {
			isa = PBXGroup;
			children = (
				17E2BCA81C0BB0AA00232CFA /* PContact.h */,
				17E2BCA91C0BB0AA00232CFA /* PContact.m */,
			);
			name = Entities;
			sourceTree = "<group>";
		};
/* End PBXGroup section */

/* Begin PBXNativeTarget section */
		17A0B1451C0051B3002ABB04 /* Contacts */ = {
			isa = PBXNativeTarget;
			buildConfigurationList = 17A0B16B1C0051B3002ABB04 /* Build configuration list for PBXNativeTarget "Contacts" */;
			buildPhases = (
				17A0B1421C0051B3002ABB04 /* Sources */,
				17A0B1431C0051B3002ABB04 /* Frameworks */,
				17A0B1441C0051B3002ABB04 /* Resources */,
			);
			buildRules = (
			);
			dependencies = (
			);
			name = Contacts;
			productName = Contacts;
			productReference = 17A0B1461C0051B3002ABB04 /* Contacts.app */;
			productType = "com.apple.product-type.application";
		};
		17A0B1611C0051B3002ABB04 /* ContactsTests */ = {
			isa = PBXNativeTarget;
			buildConfigurationList = 17A0B16E1C0051B3002ABB04 /* Build configuration list for PBXNativeTarget "ContactsTests" */;
			buildPhases = (
				17A0B15E1C0051B3002ABB04 /* Sources */,
				17A0B15F1C0051B3002ABB04 /* Frameworks */,
				17A0B1601C0051B3002ABB04 /* Resources */,
			);
			buildRules = (
			);
			dependencies = (
				17A0B1641C0051B3002ABB04 /* PBXTargetDependency */,
			);
			name = ContactsTests;
			productName = ContactsTests;
			productReference = 17A0B1621C0051B3002ABB04 /* ContactsTests.xctest */;
			productType = "com.apple.product-type.bundle.unit-test";
		};
/* End PBXNativeTarget section */

/* Begin PBXProject section */
		17A0B13E1C0051B3002ABB04 /* Project object */ = {
			isa = PBXProject;
			attributes = {
				LastUpgradeCheck = 0710;
				ORGANIZATIONNAME = Applicious;
				TargetAttributes = {
					17A0B1451C0051B3002ABB04 = {
						CreatedOnToolsVersion = 7.1.1;
					};
					17A0B1611C0051B3002ABB04 = {
						CreatedOnToolsVersion = 7.1.1;
						TestTargetID = 17A0B1451C0051B3002ABB04;
					};
				};
			};
			buildConfigurationList = 17A0B1411C0051B3002ABB04 /* Build configuration list for PBXProject "Contacts" */;
			compatibilityVersion = "Xcode 3.2";
			developmentRegion = English;
			hasScannedForEncodings = 0;
			knownRegions = (
				en,
				Base,
			);
			mainGroup = 17A0B13D1C0051B3002ABB04;
			productRefGroup = 17A0B1471C0051B3002ABB04 /* Products */;
			projectDirPath = "";
			projectRoot = "";
			targets = (
				17A0B1451C0051B3002ABB04 /* Contacts */,
				17A0B1611C0051B3002ABB04 /* ContactsTests */,
			);
		};
/* End PBXProject section */

/* Begin PBXResourcesBuildPhase section */
		17A0B1441C0051B3002ABB04 /* Resources */ = {
			isa = PBXResourcesBuildPhase;
			buildActionMask = 2147483647;
			files = (
				17E2BCAD1C0BC0C600232CFA /* Main.storyboard in Resources */,
				17A0B15C1C0051B3002ABB04 /* LaunchScreen.storyboard in Resources */,
				17A0B1591C0051B3002ABB04 /* Assets.xcassets in Resources */,
			);
			runOnlyForDeploymentPostprocessing = 0;
		};
		17A0B1601C0051B3002ABB04 /* Resources */ = {
			isa = PBXResourcesBuildPhase;
			buildActionMask = 2147483647;
			files = (
			);
			runOnlyForDeploymentPostprocessing = 0;
		};
/* End PBXResourcesBuildPhase section */

/* Begin PBXSourcesBuildPhase section */
		17A0B1421C0051B3002ABB04 /* Sources */ = {
			isa = PBXSourcesBuildPhase;
			buildActionMask = 2147483647;
			files = (
				17E2BC1F1C0B73ED00232CFA /* Datastore.m in Sources */,
				1746B06C1C0D1D4C0017EB0F /* NameValidator.m in Sources */,
				17C039871C0BCBF700D8AF12 /* AddContactsPresenter.m in Sources */,
				17E2BCAA1C0BB0AA00232CFA /* PContact.m in Sources */,
				17E2BC7F1C0B886700232CFA /* ListContactsPresenter.m in Sources */,
				17C039851C0BCBF700D8AF12 /* AddContactsInteractor.m in Sources */,
				17E2BC221C0B7AE600232CFA /* DataManager.m in Sources */,
				17E2BC811C0B886700232CFA /* ListContactsWireFrame.m in Sources */,
				17A0B14E1C0051B3002ABB04 /* AppDelegate.m in Sources */,
				17C039861C0BCBF700D8AF12 /* AddContactsItem.m in Sources */,
				1746B06F1C0D1EBD0017EB0F /* PhoneNumberValidator.m in Sources */,
				17E2BC801C0B886700232CFA /* ListContactsView.m in Sources */,
				17A0B14B1C0051B3002ABB04 /* main.m in Sources */,
				17C0398E1C0BED5F00D8AF12 /* Utilities.m in Sources */,
				17E2BC7D1C0B886700232CFA /* ListContactsInteractor.m in Sources */,
				17E2BCA61C0BACF400232CFA /* Contact.m in Sources */,
				17A0B1D31C005487002ABB04 /* Dependencies.m in Sources */,
				17E2BC7C1C0B886700232CFA /* ListContactsLocalDataManager.m in Sources */,
				17A0B1D81C005624002ABB04 /* RootWireframe.m in Sources */,
				17C039891C0BCBF700D8AF12 /* AddContactsWireFrame.m in Sources */,
				17C039881C0BCBF700D8AF12 /* AddContactsView.m in Sources */,
				17C039841C0BCBF700D8AF12 /* AddContactsLocalDataManager.m in Sources */,
			);
			runOnlyForDeploymentPostprocessing = 0;
		};
		17A0B15E1C0051B3002ABB04 /* Sources */ = {
			isa = PBXSourcesBuildPhase;
			buildActionMask = 2147483647;
			files = (
				17354CF71C0E649300E399C7 /* AddContactsLocalDataManagerTests.m in Sources */,
				17354CF51C0E516400E399C7 /* ListContactsLocalDataManagerTests.m in Sources */,
				17354CF11C0E399300E399C7 /* DatastoreTests.m in Sources */,
				17354CED1C0DA2D800E399C7 /* ContactTest.m in Sources */,
				17A0B1671C0051B3002ABB04 /* ValidatorsTests.m in Sources */,
				17354CF31C0E486400E399C7 /* ListContactsInteractorTests.m in Sources */,
				17354CEF1C0E310700E399C7 /* ListContactPreseterTests.m in Sources */,
				17C4205B1C0D39070091CB25 /* ListContactViewTests.m in Sources */,
			);
			runOnlyForDeploymentPostprocessing = 0;
		};
/* End PBXSourcesBuildPhase section */

/* Begin PBXTargetDependency section */
		17A0B1641C0051B3002ABB04 /* PBXTargetDependency */ = {
			isa = PBXTargetDependency;
			target = 17A0B1451C0051B3002ABB04 /* Contacts */;
			targetProxy = 17A0B1631C0051B3002ABB04 /* PBXContainerItemProxy */;
		};
/* End PBXTargetDependency section */

/* Begin PBXVariantGroup section */
		17A0B15A1C0051B3002ABB04 /* LaunchScreen.storyboard */ = {
			isa = PBXVariantGroup;
			children = (
				17A0B15B1C0051B3002ABB04 /* Base */,
			);
			name = LaunchScreen.storyboard;
			sourceTree = "<group>";
		};
		17E2BCAB1C0BC0C600232CFA /* Main.storyboard */ = {
			isa = PBXVariantGroup;
			children = (
				17E2BCAC1C0BC0C600232CFA /* Base */,
			);
			name = Main.storyboard;
			sourceTree = "<group>";
		};
/* End PBXVariantGroup section */

/* Begin XCBuildConfiguration section */
		17A0B1691C0051B3002ABB04 /* Debug */ = {
			isa = XCBuildConfiguration;
			buildSettings = {
				ALWAYS_SEARCH_USER_PATHS = NO;
				CLANG_CXX_LANGUAGE_STANDARD = "gnu++0x";
				CLANG_CXX_LIBRARY = "libc++";
				CLANG_ENABLE_MODULES = YES;
				CLANG_ENABLE_OBJC_ARC = YES;
				CLANG_WARN_BOOL_CONVERSION = YES;
				CLANG_WARN_CONSTANT_CONVERSION = YES;
				CLANG_WARN_DIRECT_OBJC_ISA_USAGE = YES_ERROR;
				CLANG_WARN_EMPTY_BODY = YES;
				CLANG_WARN_ENUM_CONVERSION = YES;
				CLANG_WARN_INT_CONVERSION = YES;
				CLANG_WARN_OBJC_ROOT_CLASS = YES_ERROR;
				CLANG_WARN_UNREACHABLE_CODE = YES;
				CLANG_WARN__DUPLICATE_METHOD_MATCH = YES;
				"CODE_SIGN_IDENTITY[sdk=iphoneos*]" = "iPhone Developer";
				COPY_PHASE_STRIP = NO;
				DEBUG_INFORMATION_FORMAT = dwarf;
				ENABLE_STRICT_OBJC_MSGSEND = YES;
				ENABLE_TESTABILITY = YES;
				GCC_C_LANGUAGE_STANDARD = gnu99;
				GCC_DYNAMIC_NO_PIC = NO;
				GCC_NO_COMMON_BLOCKS = YES;
				GCC_OPTIMIZATION_LEVEL = 0;
				GCC_PREPROCESSOR_DEFINITIONS = (
					"DEBUG=1",
					"$(inherited)",
				);
				GCC_WARN_64_TO_32_BIT_CONVERSION = YES;
				GCC_WARN_ABOUT_RETURN_TYPE = YES_ERROR;
				GCC_WARN_UNDECLARED_SELECTOR = YES;
				GCC_WARN_UNINITIALIZED_AUTOS = YES_AGGRESSIVE;
				GCC_WARN_UNUSED_FUNCTION = YES;
				GCC_WARN_UNUSED_VARIABLE = YES;
				IPHONEOS_DEPLOYMENT_TARGET = 9.1;
				MTL_ENABLE_DEBUG_INFO = YES;
				ONLY_ACTIVE_ARCH = YES;
				SDKROOT = iphoneos;
			};
			name = Debug;
		};
		17A0B16A1C0051B3002ABB04 /* Release */ = {
			isa = XCBuildConfiguration;
			buildSettings = {
				ALWAYS_SEARCH_USER_PATHS = NO;
				CLANG_CXX_LANGUAGE_STANDARD = "gnu++0x";
				CLANG_CXX_LIBRARY = "libc++";
				CLANG_ENABLE_MODULES = YES;
				CLANG_ENABLE_OBJC_ARC = YES;
				CLANG_WARN_BOOL_CONVERSION = YES;
				CLANG_WARN_CONSTANT_CONVERSION = YES;
				CLANG_WARN_DIRECT_OBJC_ISA_USAGE = YES_ERROR;
				CLANG_WARN_EMPTY_BODY = YES;
				CLANG_WARN_ENUM_CONVERSION = YES;
				CLANG_WARN_INT_CONVERSION = YES;
				CLANG_WARN_OBJC_ROOT_CLASS = YES_ERROR;
				CLANG_WARN_UNREACHABLE_CODE = YES;
				CLANG_WARN__DUPLICATE_METHOD_MATCH = YES;
				"CODE_SIGN_IDENTITY[sdk=iphoneos*]" = "iPhone Developer";
				COPY_PHASE_STRIP = NO;
				DEBUG_INFORMATION_FORMAT = "dwarf-with-dsym";
				ENABLE_NS_ASSERTIONS = NO;
				ENABLE_STRICT_OBJC_MSGSEND = YES;
				GCC_C_LANGUAGE_STANDARD = gnu99;
				GCC_NO_COMMON_BLOCKS = YES;
				GCC_WARN_64_TO_32_BIT_CONVERSION = YES;
				GCC_WARN_ABOUT_RETURN_TYPE = YES_ERROR;
				GCC_WARN_UNDECLARED_SELECTOR = YES;
				GCC_WARN_UNINITIALIZED_AUTOS = YES_AGGRESSIVE;
				GCC_WARN_UNUSED_FUNCTION = YES;
				GCC_WARN_UNUSED_VARIABLE = YES;
				IPHONEOS_DEPLOYMENT_TARGET = 9.1;
				MTL_ENABLE_DEBUG_INFO = NO;
				SDKROOT = iphoneos;
				VALIDATE_PRODUCT = YES;
			};
			name = Release;
		};
		17A0B16C1C0051B3002ABB04 /* Debug */ = {
			isa = XCBuildConfiguration;
			buildSettings = {
				ASSETCATALOG_COMPILER_APPICON_NAME = AppIcon;
				INFOPLIST_FILE = Contacts/Info.plist;
				IPHONEOS_DEPLOYMENT_TARGET = 8.0;
				LD_RUNPATH_SEARCH_PATHS = "$(inherited) @executable_path/Frameworks";
				PRODUCT_BUNDLE_IDENTIFIER = ro.applicious.Contacts;
				PRODUCT_NAME = "$(TARGET_NAME)";
			};
			name = Debug;
		};
		17A0B16D1C0051B3002ABB04 /* Release */ = {
			isa = XCBuildConfiguration;
			buildSettings = {
				ASSETCATALOG_COMPILER_APPICON_NAME = AppIcon;
				INFOPLIST_FILE = Contacts/Info.plist;
				IPHONEOS_DEPLOYMENT_TARGET = 8.0;
				LD_RUNPATH_SEARCH_PATHS = "$(inherited) @executable_path/Frameworks";
				PRODUCT_BUNDLE_IDENTIFIER = ro.applicious.Contacts;
				PRODUCT_NAME = "$(TARGET_NAME)";
			};
			name = Release;
		};
		17A0B16F1C0051B3002ABB04 /* Debug */ = {
			isa = XCBuildConfiguration;
			buildSettings = {
				BUNDLE_LOADER = "$(TEST_HOST)";
				HEADER_SEARCH_PATHS = "$(PROJECT_DIR)/usr/include";
				INFOPLIST_FILE = ContactsTests/Info.plist;
				LD_RUNPATH_SEARCH_PATHS = "$(inherited) @executable_path/Frameworks @loader_path/Frameworks";
				LIBRARY_SEARCH_PATHS = (
					"$(inherited)",
					"$(PROJECT_DIR)/usr/lib",
				);
				OTHER_LDFLAGS = "-ObjC";
				PRODUCT_BUNDLE_IDENTIFIER = ro.applicious.ContactsTests;
				PRODUCT_NAME = "$(TARGET_NAME)";
				TEST_HOST = "$(BUILT_PRODUCTS_DIR)/Contacts.app/Contacts";
			};
			name = Debug;
		};
		17A0B1701C0051B3002ABB04 /* Release */ = {
			isa = XCBuildConfiguration;
			buildSettings = {
				BUNDLE_LOADER = "$(TEST_HOST)";
				HEADER_SEARCH_PATHS = "$(PROJECT_DIR)/usr/include";
				INFOPLIST_FILE = ContactsTests/Info.plist;
				LD_RUNPATH_SEARCH_PATHS = "$(inherited) @executable_path/Frameworks @loader_path/Frameworks";
				LIBRARY_SEARCH_PATHS = (
					"$(inherited)",
					"$(PROJECT_DIR)/usr/lib",
				);
				OTHER_LDFLAGS = "-ObjC";
				PRODUCT_BUNDLE_IDENTIFIER = ro.applicious.ContactsTests;
				PRODUCT_NAME = "$(TARGET_NAME)";
				TEST_HOST = "$(BUILT_PRODUCTS_DIR)/Contacts.app/Contacts";
			};
			name = Release;
		};
/* End XCBuildConfiguration section */

/* Begin XCConfigurationList section */
		17A0B1411C0051B3002ABB04 /* Build configuration list for PBXProject "Contacts" */ = {
			isa = XCConfigurationList;
			buildConfigurations = (
				17A0B1691C0051B3002ABB04 /* Debug */,
				17A0B16A1C0051B3002ABB04 /* Release */,
			);
			defaultConfigurationIsVisible = 0;
			defaultConfigurationName = Release;
		};
		17A0B16B1C0051B3002ABB04 /* Build configuration list for PBXNativeTarget "Contacts" */ = {
			isa = XCConfigurationList;
			buildConfigurations = (
				17A0B16C1C0051B3002ABB04 /* Debug */,
				17A0B16D1C0051B3002ABB04 /* Release */,
			);
			defaultConfigurationIsVisible = 0;
			defaultConfigurationName = Release;
		};
		17A0B16E1C0051B3002ABB04 /* Build configuration list for PBXNativeTarget "ContactsTests" */ = {
			isa = XCConfigurationList;
			buildConfigurations = (
				17A0B16F1C0051B3002ABB04 /* Debug */,
				17A0B1701C0051B3002ABB04 /* Release */,
			);
			defaultConfigurationIsVisible = 0;
			defaultConfigurationName = Release;
		};
/* End XCConfigurationList section */
	};
	rootObject = 17A0B13E1C0051B3002ABB04 /* Project object */;
}
